// !$*UTF8*$!
{
	archiveVersion = 1;
	classes = {
	};
	objectVersion = 77;
	objects = {

/* Begin PBXContainerItemProxy section */
		053DCFAB2CFDBDA200859D94 /* PBXContainerItemProxy */ = {
			isa = PBXContainerItemProxy;
			containerPortal = 053DCF8C2CFDBDA100859D94 /* Project object */;
			proxyType = 1;
			remoteGlobalIDString = 053DCF932CFDBDA100859D94;
			remoteInfo = Practicegithub2;
		};
		053DCFB52CFDBDA200859D94 /* PBXContainerItemProxy */ = {
			isa = PBXContainerItemProxy;
			containerPortal = 053DCF8C2CFDBDA100859D94 /* Project object */;
			proxyType = 1;
			remoteGlobalIDString = 053DCF932CFDBDA100859D94;
			remoteInfo = Practicegithub2;
		};
/* End PBXContainerItemProxy section */

/* Begin PBXFileReference section */
		053DCF942CFDBDA100859D94 /* Practicegithub2.app */ = {isa = PBXFileReference; explicitFileType = wrapper.application; includeInIndex = 0; path = Practicegithub2.app; sourceTree = BUILT_PRODUCTS_DIR; };
		053DCFAA2CFDBDA200859D94 /* Practicegithub2Tests.xctest */ = {isa = PBXFileReference; explicitFileType = wrapper.cfbundle; includeInIndex = 0; path = Practicegithub2Tests.xctest; sourceTree = BUILT_PRODUCTS_DIR; };
		053DCFB42CFDBDA200859D94 /* Practicegithub2UITests.xctest */ = {isa = PBXFileReference; explicitFileType = wrapper.cfbundle; includeInIndex = 0; path = Practicegithub2UITests.xctest; sourceTree = BUILT_PRODUCTS_DIR; };
/* End PBXFileReference section */

/* Begin PBXFileSystemSynchronizedBuildFileExceptionSet section */
		053DCFBC2CFDBDA200859D94 /* Exceptions for "Practicegithub2" folder in "Practicegithub2" target */ = {
			isa = PBXFileSystemSynchronizedBuildFileExceptionSet;
			membershipExceptions = (
				Info.plist,
			);
			target = 053DCF932CFDBDA100859D94 /* Practicegithub2 */;
		};
/* End PBXFileSystemSynchronizedBuildFileExceptionSet section */

/* Begin PBXFileSystemSynchronizedRootGroup section */
		053DCF962CFDBDA100859D94 /* Practicegithub2 */ = {
			isa = PBXFileSystemSynchronizedRootGroup;
			exceptions = (
				053DCFBC2CFDBDA200859D94 /* Exceptions for "Practicegithub2" folder in "Practicegithub2" target */,
			);
			path = Practicegithub2;
			sourceTree = "<group>";
		};
		053DCFAD2CFDBDA200859D94 /* Practicegithub2Tests */ = {
			isa = PBXFileSystemSynchronizedRootGroup;
			path = Practicegithub2Tests;
			sourceTree = "<group>";
		};
		053DCFB72CFDBDA200859D94 /* Practicegithub2UITests */ = {
			isa = PBXFileSystemSynchronizedRootGroup;
			path = Practicegithub2UITests;
			sourceTree = "<group>";
		};
/* End PBXFileSystemSynchronizedRootGroup section */

/* Begin PBXFrameworksBuildPhase section */
		053DCF912CFDBDA100859D94 /* Frameworks */ = {
			isa = PBXFrameworksBuildPhase;
			buildActionMask = 2147483647;
			files = (
			);
			runOnlyForDeploymentPostprocessing = 0;
		};
		053DCFA72CFDBDA200859D94 /* Frameworks */ = {
			isa = PBXFrameworksBuildPhase;
			buildActionMask = 2147483647;
			files = (
			);
			runOnlyForDeploymentPostprocessing = 0;
		};
		053DCFB12CFDBDA200859D94 /* Frameworks */ = {
			isa = PBXFrameworksBuildPhase;
			buildActionMask = 2147483647;
			files = (
			);
			runOnlyForDeploymentPostprocessing = 0;
		};
/* End PBXFrameworksBuildPhase section */

/* Begin PBXGroup section */
		053DCF8B2CFDBDA100859D94 = {
			isa = PBXGroup;
			children = (
				053DCF962CFDBDA100859D94 /* Practicegithub2 */,
				053DCFAD2CFDBDA200859D94 /* Practicegithub2Tests */,
				053DCFB72CFDBDA200859D94 /* Practicegithub2UITests */,
				053DCF952CFDBDA100859D94 /* Products */,
			);
			sourceTree = "<group>";
		};
		053DCF952CFDBDA100859D94 /* Products */ = {
			isa = PBXGroup;
			children = (
				053DCF942CFDBDA100859D94 /* Practicegithub2.app */,
				053DCFAA2CFDBDA200859D94 /* Practicegithub2Tests.xctest */,
				053DCFB42CFDBDA200859D94 /* Practicegithub2UITests.xctest */,
			);
			name = Products;
			sourceTree = "<group>";
		};
/* End PBXGroup section */

/* Begin PBXNativeTarget section */
		053DCF932CFDBDA100859D94 /* Practicegithub2 */ = {
			isa = PBXNativeTarget;
			buildConfigurationList = 053DCFBD2CFDBDA200859D94 /* Build configuration list for PBXNativeTarget "Practicegithub2" */;
			buildPhases = (
				053DCF902CFDBDA100859D94 /* Sources */,
				053DCF912CFDBDA100859D94 /* Frameworks */,
				053DCF922CFDBDA100859D94 /* Resources */,
			);
			buildRules = (
			);
			dependencies = (
			);
			fileSystemSynchronizedGroups = (
				053DCF962CFDBDA100859D94 /* Practicegithub2 */,
			);
			name = Practicegithub2;
			packageProductDependencies = (
			);
			productName = Practicegithub2;
			productReference = 053DCF942CFDBDA100859D94 /* Practicegithub2.app */;
			productType = "com.apple.product-type.application";
		};
		053DCFA92CFDBDA200859D94 /* Practicegithub2Tests */ = {
			isa = PBXNativeTarget;
			buildConfigurationList = 053DCFC22CFDBDA200859D94 /* Build configuration list for PBXNativeTarget "Practicegithub2Tests" */;
			buildPhases = (
				053DCFA62CFDBDA200859D94 /* Sources */,
				053DCFA72CFDBDA200859D94 /* Frameworks */,
				053DCFA82CFDBDA200859D94 /* Resources */,
			);
			buildRules = (
			);
			dependencies = (
				053DCFAC2CFDBDA200859D94 /* PBXTargetDependency */,
			);
			fileSystemSynchronizedGroups = (
				053DCFAD2CFDBDA200859D94 /* Practicegithub2Tests */,
			);
			name = Practicegithub2Tests;
			packageProductDependencies = (
			);
			productName = Practicegithub2Tests;
			productReference = 053DCFAA2CFDBDA200859D94 /* Practicegithub2Tests.xctest */;
			productType = "com.apple.product-type.bundle.unit-test";
		};
		053DCFB32CFDBDA200859D94 /* Practicegithub2UITests */ = {
			isa = PBXNativeTarget;
			buildConfigurationList = 053DCFC52CFDBDA200859D94 /* Build configuration list for PBXNativeTarget "Practicegithub2UITests" */;
			buildPhases = (
				053DCFB02CFDBDA200859D94 /* Sources */,
				053DCFB12CFDBDA200859D94 /* Frameworks */,
				053DCFB22CFDBDA200859D94 /* Resources */,
			);
			buildRules = (
			);
			dependencies = (
				053DCFB62CFDBDA200859D94 /* PBXTargetDependency */,
			);
			fileSystemSynchronizedGroups = (
				053DCFB72CFDBDA200859D94 /* Practicegithub2UITests */,
			);
			name = Practicegithub2UITests;
			packageProductDependencies = (
			);
			productName = Practicegithub2UITests;
			productReference = 053DCFB42CFDBDA200859D94 /* Practicegithub2UITests.xctest */;
			productType = "com.apple.product-type.bundle.ui-testing";
		};
/* End PBXNativeTarget section */

/* Begin PBXProject section */
		053DCF8C2CFDBDA100859D94 /* Project object */ = {
			isa = PBXProject;
			attributes = {
				BuildIndependentTargetsInParallel = 1;
				LastSwiftUpdateCheck = 1610;
				LastUpgradeCheck = 1610;
				TargetAttributes = {
					053DCF932CFDBDA100859D94 = {
						CreatedOnToolsVersion = 16.1;
					};
					053DCFA92CFDBDA200859D94 = {
						CreatedOnToolsVersion = 16.1;
						TestTargetID = 053DCF932CFDBDA100859D94;
					};
					053DCFB32CFDBDA200859D94 = {
						CreatedOnToolsVersion = 16.1;
						TestTargetID = 053DCF932CFDBDA100859D94;
					};
				};
			};
			buildConfigurationList = 053DCF8F2CFDBDA100859D94 /* Build configuration list for PBXProject "Practicegithub2" */;
			developmentRegion = en;
			hasScannedForEncodings = 0;
			knownRegions = (
				en,
				Base,
			);
			mainGroup = 053DCF8B2CFDBDA100859D94;
			minimizedProjectReferenceProxies = 1;
			preferredProjectObjectVersion = 77;
			productRefGroup = 053DCF952CFDBDA100859D94 /* Products */;
			projectDirPath = "";
			projectRoot = "";
			targets = (
				053DCF932CFDBDA100859D94 /* Practicegithub2 */,
				053DCFA92CFDBDA200859D94 /* Practicegithub2Tests */,
				053DCFB32CFDBDA200859D94 /* Practicegithub2UITests */,
			);
		};
/* End PBXProject section */

/* Begin PBXResourcesBuildPhase section */
		053DCF922CFDBDA100859D94 /* Resources */ = {
			isa = PBXResourcesBuildPhase;
			buildActionMask = 2147483647;
			files = (
			);
			runOnlyForDeploymentPostprocessing = 0;
		};
		053DCFA82CFDBDA200859D94 /* Resources */ = {
			isa = PBXResourcesBuildPhase;
			buildActionMask = 2147483647;
			files = (
			);
			runOnlyForDeploymentPostprocessing = 0;
		};
		053DCFB22CFDBDA200859D94 /* Resources */ = {
			isa = PBXResourcesBuildPhase;
			buildActionMask = 2147483647;
			files = (
			);
			runOnlyForDeploymentPostprocessing = 0;
		};
/* End PBXResourcesBuildPhase section */

/* Begin PBXSourcesBuildPhase section */
		053DCF902CFDBDA100859D94 /* Sources */ = {
			isa = PBXSourcesBuildPhase;
			buildActionMask = 2147483647;
			files = (
			);
			runOnlyForDeploymentPostprocessing = 0;
		};
		053DCFA62CFDBDA200859D94 /* Sources */ = {
			isa = PBXSourcesBuildPhase;
			buildActionMask = 2147483647;
			files = (
			);
			runOnlyForDeploymentPostprocessing = 0;
		};
		053DCFB02CFDBDA200859D94 /* Sources */ = {
			isa = PBXSourcesBuildPhase;
			buildActionMask = 2147483647;
			files = (
			);
			runOnlyForDeploymentPostprocessing = 0;
		};
/* End PBXSourcesBuildPhase section */

/* Begin PBXTargetDependency section */
		053DCFAC2CFDBDA200859D94 /* PBXTargetDependency */ = {
			isa = PBXTargetDependency;
			target = 053DCF932CFDBDA100859D94 /* Practicegithub2 */;
			targetProxy = 053DCFAB2CFDBDA200859D94 /* PBXContainerItemProxy */;
		};
		053DCFB62CFDBDA200859D94 /* PBXTargetDependency */ = {
			isa = PBXTargetDependency;
			target = 053DCF932CFDBDA100859D94 /* Practicegithub2 */;
			targetProxy = 053DCFB52CFDBDA200859D94 /* PBXContainerItemProxy */;
		};
/* End PBXTargetDependency section */

/* Begin XCBuildConfiguration section */
		053DCFBE2CFDBDA200859D94 /* Debug */ = {
			isa = XCBuildConfiguration;
			buildSettings = {
				ASSETCATALOG_COMPILER_APPICON_NAME = AppIcon;
				ASSETCATALOG_COMPILER_GLOBAL_ACCENT_COLOR_NAME = AccentColor;
				CODE_SIGN_STYLE = Automatic;
				CURRENT_PROJECT_VERSION = 1;
				GENERATE_INFOPLIST_FILE = YES;
				INFOPLIST_FILE = Practicegithub2/Info.plist;
				INFOPLIST_KEY_UIApplicationSupportsIndirectInputEvents = YES;
				INFOPLIST_KEY_UILaunchStoryboardName = LaunchScreen;
				INFOPLIST_KEY_UIMainStoryboardFile = Main;
				INFOPLIST_KEY_UISupportedInterfaceOrientations_iPad = "UIInterfaceOrientationPortrait UIInterfaceOrientationPortraitUpsideDown UIInterfaceOrientationLandscapeLeft UIInterfaceOrientationLandscapeRight";
				INFOPLIST_KEY_UISupportedInterfaceOrientations_iPhone = "UIInterfaceOrientationPortrait UIInterfaceOrientationLandscapeLeft UIInterfaceOrientationLandscapeRight";
				LD_RUNPATH_SEARCH_PATHS = (
					"$(inherited)",
					"@executable_path/Frameworks",
				);
				MARKETING_VERSION = 1.0;
				PRODUCT_BUNDLE_IDENTIFIER = com.example.Practicegithub2;
				PRODUCT_NAME = "$(TARGET_NAME)";
				SWIFT_EMIT_LOC_STRINGS = YES;
				SWIFT_VERSION = 5.0;
				TARGETED_DEVICE_FAMILY = "1,2";
			};
			name = Debug;
		};
		053DCFBF2CFDBDA200859D94 /* Release */ = {
			isa = XCBuildConfiguration;
			buildSettings = {
				ASSETCATALOG_COMPILER_APPICON_NAME = AppIcon;
				ASSETCATALOG_COMPILER_GLOBAL_ACCENT_COLOR_NAME = AccentColor;
				CODE_SIGN_STYLE = Automatic;
				CURRENT_PROJECT_VERSION = 1;
				GENERATE_INFOPLIST_FILE = YES;
				INFOPLIST_FILE = Practicegithub2/Info.plist;
				INFOPLIST_KEY_UIApplicationSupportsIndirectInputEvents = YES;
				INFOPLIST_KEY_UILaunchStoryboardName = LaunchScreen;
				INFOPLIST_KEY_UIMainStoryboardFile = Main;
				INFOPLIST_KEY_UISupportedInterfaceOrientations_iPad = "UIInterfaceOrientationPortrait UIInterfaceOrientationPortraitUpsideDown UIInterfaceOrientationLandscapeLeft UIInterfaceOrientationLandscapeRight";
				INFOPLIST_KEY_UISupportedInterfaceOrientations_iPhone = "UIInterfaceOrientationPortrait UIInterfaceOrientationLandscapeLeft UIInterfaceOrientationLandscapeRight";
				LD_RUNPATH_SEARCH_PATHS = (
					"$(inherited)",
					"@executable_path/Frameworks",
				);
				MARKETING_VERSION = 1.0;
				PRODUCT_BUNDLE_IDENTIFIER = com.example.Practicegithub2;
				PRODUCT_NAME = "$(TARGET_NAME)";
				SWIFT_EMIT_LOC_STRINGS = YES;
				SWIFT_VERSION = 5.0;
				TARGETED_DEVICE_FAMILY = "1,2";
			};
			name = Release;
		};
		053DCFC02CFDBDA200859D94 /* Debug */ = {
			isa = XCBuildConfiguration;
			buildSettings = {
				ALWAYS_SEARCH_USER_PATHS = NO;
				ASSETCATALOG_COMPILER_GENERATE_SWIFT_ASSET_SYMBOL_EXTENSIONS = YES;
				CLANG_ANALYZER_NONNULL = YES;
				CLANG_ANALYZER_NUMBER_OBJECT_CONVERSION = YES_AGGRESSIVE;
				CLANG_CXX_LANGUAGE_STANDARD = "gnu++20";
				CLANG_ENABLE_MODULES = YES;
				CLANG_ENABLE_OBJC_ARC = YES;
				CLANG_ENABLE_OBJC_WEAK = YES;
				CLANG_WARN_BLOCK_CAPTURE_AUTORELEASING = YES;
				CLANG_WARN_BOOL_CONVERSION = YES;
				CLANG_WARN_COMMA = YES;
				CLANG_WARN_CONSTANT_CONVERSION = YES;
				CLANG_WARN_DEPRECATED_OBJC_IMPLEMENTATIONS = YES;
				CLANG_WARN_DIRECT_OBJC_ISA_USAGE = YES_ERROR;
				CLANG_WARN_DOCUMENTATION_COMMENTS = YES;
				CLANG_WARN_EMPTY_BODY = YES;
				CLANG_WARN_ENUM_CONVERSION = YES;
				CLANG_WARN_INFINITE_RECURSION = YES;
				CLANG_WARN_INT_CONVERSION = YES;
				CLANG_WARN_NON_LITERAL_NULL_CONVERSION = YES;
				CLANG_WARN_OBJC_IMPLICIT_RETAIN_SELF = YES;
				CLANG_WARN_OBJC_LITERAL_CONVERSION = YES;
				CLANG_WARN_OBJC_ROOT_CLASS = YES_ERROR;
				CLANG_WARN_QUOTED_INCLUDE_IN_FRAMEWORK_HEADER = YES;
				CLANG_WARN_RANGE_LOOP_ANALYSIS = YES;
				CLANG_WARN_STRICT_PROTOTYPES = YES;
				CLANG_WARN_SUSPICIOUS_MOVE = YES;
				CLANG_WARN_UNGUARDED_AVAILABILITY = YES_AGGRESSIVE;
				CLANG_WARN_UNREACHABLE_CODE = YES;
				CLANG_WARN__DUPLICATE_METHOD_MATCH = YES;
				COPY_PHASE_STRIP = NO;
				DEBUG_INFORMATION_FORMAT = dwarf;
				ENABLE_STRICT_OBJC_MSGSEND = YES;
				ENABLE_TESTABILITY = YES;
				ENABLE_USER_SCRIPT_SANDBOXING = YES;
				GCC_C_LANGUAGE_STANDARD = gnu17;
				GCC_DYNAMIC_NO_PIC = NO;
				GCC_NO_COMMON_BLOCKS = YES;
				GCC_OPTIMIZATION_LEVEL = 0;
				GCC_PREPROCESSOR_DEFINITIONS = (
					"DEBUG=1",
					"$(inherited)",
				);
				GCC_WARN_64_TO_32_BIT_CONVERSION = YES;
				GCC_WARN_ABOUT_RETURN_TYPE = YES_ERROR;
				GCC_WARN_UNDECLARED_SELECTOR = YES;
				GCC_WARN_UNINITIALIZED_AUTOS = YES_AGGRESSIVE;
				GCC_WARN_UNUSED_FUNCTION = YES;
				GCC_WARN_UNUSED_VARIABLE = YES;
				IPHONEOS_DEPLOYMENT_TARGET = 18.1;
				LOCALIZATION_PREFERS_STRING_CATALOGS = YES;
				MTL_ENABLE_DEBUG_INFO = INCLUDE_SOURCE;
				MTL_FAST_MATH = YES;
				ONLY_ACTIVE_ARCH = YES;
				SDKROOT = iphoneos;
				SWIFT_ACTIVE_COMPILATION_CONDITIONS = "DEBUG $(inherited)";
				SWIFT_OPTIMIZATION_LEVEL = "-Onone";
			};
			name = Debug;
		};
		053DCFC12CFDBDA200859D94 /* Release */ = {
			isa = XCBuildConfiguration;
			buildSettings = {
				ALWAYS_SEARCH_USER_PATHS = NO;
				ASSETCATALOG_COMPILER_GENERATE_SWIFT_ASSET_SYMBOL_EXTENSIONS = YES;
				CLANG_ANALYZER_NONNULL = YES;
				CLANG_ANALYZER_NUMBER_OBJECT_CONVERSION = YES_AGGRESSIVE;
				CLANG_CXX_LANGUAGE_STANDARD = "gnu++20";
				CLANG_ENABLE_MODULES = YES;
				CLANG_ENABLE_OBJC_ARC = YES;
				CLANG_ENABLE_OBJC_WEAK = YES;
				CLANG_WARN_BLOCK_CAPTURE_AUTORELEASING = YES;
				CLANG_WARN_BOOL_CONVERSION = YES;
				CLANG_WARN_COMMA = YES;
				CLANG_WARN_CONSTANT_CONVERSION = YES;
				CLANG_WARN_DEPRECATED_OBJC_IMPLEMENTATIONS = YES;
				CLANG_WARN_DIRECT_OBJC_ISA_USAGE = YES_ERROR;
				CLANG_WARN_DOCUMENTATION_COMMENTS = YES;
				CLANG_WARN_EMPTY_BODY = YES;
				CLANG_WARN_ENUM_CONVERSION = YES;
				CLANG_WARN_INFINITE_RECURSION = YES;
				CLANG_WARN_INT_CONVERSION = YES;
				CLANG_WARN_NON_LITERAL_NULL_CONVERSION = YES;
				CLANG_WARN_OBJC_IMPLICIT_RETAIN_SELF = YES;
				CLANG_WARN_OBJC_LITERAL_CONVERSION = YES;
				CLANG_WARN_OBJC_ROOT_CLASS = YES_ERROR;
				CLANG_WARN_QUOTED_INCLUDE_IN_FRAMEWORK_HEADER = YES;
				CLANG_WARN_RANGE_LOOP_ANALYSIS = YES;
				CLANG_WARN_STRICT_PROTOTYPES = YES;
				CLANG_WARN_SUSPICIOUS_MOVE = YES;
				CLANG_WARN_UNGUARDED_AVAILABILITY = YES_AGGRESSIVE;
				CLANG_WARN_UNREACHABLE_CODE = YES;
				CLANG_WARN__DUPLICATE_METHOD_MATCH = YES;
				COPY_PHASE_STRIP = NO;
				DEBUG_INFORMATION_FORMAT = "dwarf-with-dsym";
				ENABLE_NS_ASSERTIONS = NO;
				ENABLE_STRICT_OBJC_MSGSEND = YES;
				ENABLE_USER_SCRIPT_SANDBOXING = YES;
				GCC_C_LANGUAGE_STANDARD = gnu17;
				GCC_NO_COMMON_BLOCKS = YES;
				GCC_WARN_64_TO_32_BIT_CONVERSION = YES;
				GCC_WARN_ABOUT_RETURN_TYPE = YES_ERROR;
				GCC_WARN_UNDECLARED_SELECTOR = YES;
				GCC_WARN_UNINITIALIZED_AUTOS = YES_AGGRESSIVE;
				GCC_WARN_UNUSED_FUNCTION = YES;
				GCC_WARN_UNUSED_VARIABLE = YES;
				IPHONEOS_DEPLOYMENT_TARGET = 18.1;
				LOCALIZATION_PREFERS_STRING_CATALOGS = YES;
				MTL_ENABLE_DEBUG_INFO = NO;
				MTL_FAST_MATH = YES;
				SDKROOT = iphoneos;
				SWIFT_COMPILATION_MODE = wholemodule;
				VALIDATE_PRODUCT = YES;
			};
			name = Release;
		};
		053DCFC32CFDBDA200859D94 /* Debug */ = {
			isa = XCBuildConfiguration;
			buildSettings = {
				BUNDLE_LOADER = "$(TEST_HOST)";
				CODE_SIGN_STYLE = Automatic;
				CURRENT_PROJECT_VERSION = 1;
				GENERATE_INFOPLIST_FILE = YES;
				IPHONEOS_DEPLOYMENT_TARGET = 18.1;
				MARKETING_VERSION = 1.0;
				PRODUCT_BUNDLE_IDENTIFIER = com.example.Practicegithub2Tests;
				PRODUCT_NAME = "$(TARGET_NAME)";
				SWIFT_EMIT_LOC_STRINGS = NO;
				SWIFT_VERSION = 5.0;
				TARGETED_DEVICE_FAMILY = "1,2";
				TEST_HOST = "$(BUILT_PRODUCTS_DIR)/Practicegithub2.app/$(BUNDLE_EXECUTABLE_FOLDER_PATH)/Practicegithub2";
			};
			name = Debug;
		};
		053DCFC42CFDBDA200859D94 /* Release */ = {
			isa = XCBuildConfiguration;
			buildSettings = {
				BUNDLE_LOADER = "$(TEST_HOST)";
				CODE_SIGN_STYLE = Automatic;
				CURRENT_PROJECT_VERSION = 1;
				GENERATE_INFOPLIST_FILE = YES;
				IPHONEOS_DEPLOYMENT_TARGET = 18.1;
				MARKETING_VERSION = 1.0;
				PRODUCT_BUNDLE_IDENTIFIER = com.example.Practicegithub2Tests;
				PRODUCT_NAME = "$(TARGET_NAME)";
				SWIFT_EMIT_LOC_STRINGS = NO;
				SWIFT_VERSION = 5.0;
				TARGETED_DEVICE_FAMILY = "1,2";
				TEST_HOST = "$(BUILT_PRODUCTS_DIR)/Practicegithub2.app/$(BUNDLE_EXECUTABLE_FOLDER_PATH)/Practicegithub2";
			};
			name = Release;
		};
		053DCFC62CFDBDA200859D94 /* Debug */ = {
			isa = XCBuildConfiguration;
			buildSettings = {
				CODE_SIGN_STYLE = Automatic;
				CURRENT_PROJECT_VERSION = 1;
				GENERATE_INFOPLIST_FILE = YES;
				MARKETING_VERSION = 1.0;
				PRODUCT_BUNDLE_IDENTIFIER = com.example.Practicegithub2UITests;
				PRODUCT_NAME = "$(TARGET_NAME)";
				SWIFT_EMIT_LOC_STRINGS = NO;
				SWIFT_VERSION = 5.0;
				TARGETED_DEVICE_FAMILY = "1,2";
				TEST_TARGET_NAME = Practicegithub2;
			};
			name = Debug;
		};
		053DCFC72CFDBDA200859D94 /* Release */ = {
			isa = XCBuildConfiguration;
			buildSettings = {
				CODE_SIGN_STYLE = Automatic;
				CURRENT_PROJECT_VERSION = 1;
				GENERATE_INFOPLIST_FILE = YES;
				MARKETING_VERSION = 1.0;
				PRODUCT_BUNDLE_IDENTIFIER = com.example.Practicegithub2UITests;
				PRODUCT_NAME = "$(TARGET_NAME)";
				SWIFT_EMIT_LOC_STRINGS = NO;
				SWIFT_VERSION = 5.0;
				TARGETED_DEVICE_FAMILY = "1,2";
				TEST_TARGET_NAME = Practicegithub2;
			};
			name = Release;
		};
/* End XCBuildConfiguration section */

/* Begin XCConfigurationList section */
		053DCF8F2CFDBDA100859D94 /* Build configuration list for PBXProject "Practicegithub2" */ = {
			isa = XCConfigurationList;
			buildConfigurations = (
				053DCFC02CFDBDA200859D94 /* Debug */,
				053DCFC12CFDBDA200859D94 /* Release */,
			);
			defaultConfigurationIsVisible = 0;
			defaultConfigurationName = Release;
		};
		053DCFBD2CFDBDA200859D94 /* Build configuration list for PBXNativeTarget "Practicegithub2" */ = {
			isa = XCConfigurationList;
			buildConfigurations = (
				053DCFBE2CFDBDA200859D94 /* Debug */,
				053DCFBF2CFDBDA200859D94 /* Release */,
			);
			defaultConfigurationIsVisible = 0;
			defaultConfigurationName = Release;
		};
		053DCFC22CFDBDA200859D94 /* Build configuration list for PBXNativeTarget "Practicegithub2Tests" */ = {
			isa = XCConfigurationList;
			buildConfigurations = (
				053DCFC32CFDBDA200859D94 /* Debug */,
				053DCFC42CFDBDA200859D94 /* Release */,
			);
			defaultConfigurationIsVisible = 0;
			defaultConfigurationName = Release;
		};
		053DCFC52CFDBDA200859D94 /* Build configuration list for PBXNativeTarget "Practicegithub2UITests" */ = {
			isa = XCConfigurationList;
			buildConfigurations = (
				053DCFC62CFDBDA200859D94 /* Debug */,
				053DCFC72CFDBDA200859D94 /* Release */,
			);
			defaultConfigurationIsVisible = 0;
			defaultConfigurationName = Release;
		};
/* End XCConfigurationList section */
	};
	rootObject = 053DCF8C2CFDBDA100859D94 /* Project object */;
}
